
Microsoft Visual Studio Solution File, Format Version 12.00
# Visual Studio Version 17
VisualStudioVersion = 17.0.32112.339
MinimumVisualStudioVersion = 10.0.40219.1
Project("{9A19103F-16F7-4668-BE54-9A1E7A4F7556}") = "OrderManagementSystem.API", "OrderManagementSystem.API\OrderManagementSystem.API.csproj", "{44C0F8E3-4E0C-468D-90C2-06853DDA4D52}"
EndProject
Project("{2150E333-8FDC-42A3-9474-1A3956D46DE8}") = "Application", "Application", "{17F7A1DF-8983-4E61-82D1-794672F8C2AE}"
EndProject
Project("{2150E333-8FDC-42A3-9474-1A3956D46DE8}") = "Domain", "Domain", "{FE46EF4E-D990-4D0B-B2DD-11B6B5FC8204}"
EndProject
Project("{2150E333-8FDC-42A3-9474-1A3956D46DE8}") = "Infrastructure", "Infrastructure", "{C26ADE98-3E41-4912-8F90-1DC959974021}"
EndProject
Project("{9A19103F-16F7-4668-BE54-9A1E7A4F7556}") = "OrderManagementSystem.Domain", "OrderManagementSystem.Domain\OrderManagementSystem.Domain.csproj", "{D433FB34-DBA9-499B-BDE9-1FD3E53D1540}"
EndProject
Project("{9A19103F-16F7-4668-BE54-9A1E7A4F7556}") = "OrderManagementSystem.Infrastructure", "OrderManagementSystem.Infrastructure\OrderManagementSystem.Infrastructure.csproj", "{EFF6B39D-E645-4432-BF62-04A044E45503}"
EndProject
Project("{9A19103F-16F7-4668-BE54-9A1E7A4F7556}") = "OrderManagementSystem.Queries", "OrderManagementSystem.Queries\OrderManagementSystem.Queries.csproj", "{7B5883AD-2FD3-486B-B22F-F8AB1F9B6D1C}"
EndProject
Project("{FAE04EC0-301F-11D3-BF4B-00C04F79EFBC}") = "OrderManagementSystem.Commands", "OrderManagementSystem.Commands\OrderManagementSystem.Commands.csproj", "{BC3FB189-5CF1-4EC4-B060-82BC48DBEEE6}"
EndProject
Global
	GlobalSection(SolutionConfigurationPlatforms) = preSolution
		Debug|Any CPU = Debug|Any CPU
		Release|Any CPU = Release|Any CPU
	EndGlobalSection
	GlobalSection(ProjectConfigurationPlatforms) = postSolution
		{44C0F8E3-4E0C-468D-90C2-06853DDA4D52}.Debug|Any CPU.ActiveCfg = Debug|Any CPU
		{44C0F8E3-4E0C-468D-90C2-06853DDA4D52}.Debug|Any CPU.Build.0 = Debug|Any CPU
		{44C0F8E3-4E0C-468D-90C2-06853DDA4D52}.Release|Any CPU.ActiveCfg = Release|Any CPU
		{44C0F8E3-4E0C-468D-90C2-06853DDA4D52}.Release|Any CPU.Build.0 = Release|Any CPU
		{D433FB34-DBA9-499B-BDE9-1FD3E53D1540}.Debug|Any CPU.ActiveCfg = Debug|Any CPU
		{D433FB34-DBA9-499B-BDE9-1FD3E53D1540}.Debug|Any CPU.Build.0 = Debug|Any CPU
		{D433FB34-DBA9-499B-BDE9-1FD3E53D1540}.Release|Any CPU.ActiveCfg = Release|Any CPU
		{D433FB34-DBA9-499B-BDE9-1FD3E53D1540}.Release|Any CPU.Build.0 = Release|Any CPU
		{EFF6B39D-E645-4432-BF62-04A044E45503}.Debug|Any CPU.ActiveCfg = Debug|Any CPU
		{EFF6B39D-E645-4432-BF62-04A044E45503}.Debug|Any CPU.Build.0 = Debug|Any CPU
		{EFF6B39D-E645-4432-BF62-04A044E45503}.Release|Any CPU.ActiveCfg = Release|Any CPU
		{EFF6B39D-E645-4432-BF62-04A044E45503}.Release|Any CPU.Build.0 = Release|Any CPU
		{7B5883AD-2FD3-486B-B22F-F8AB1F9B6D1C}.Debug|Any CPU.ActiveCfg = Debug|Any CPU
		{7B5883AD-2FD3-486B-B22F-F8AB1F9B6D1C}.Debug|Any CPU.Build.0 = Debug|Any CPU
		{7B5883AD-2FD3-486B-B22F-F8AB1F9B6D1C}.Release|Any CPU.ActiveCfg = Release|Any CPU
		{7B5883AD-2FD3-486B-B22F-F8AB1F9B6D1C}.Release|Any CPU.Build.0 = Release|Any CPU
		{BC3FB189-5CF1-4EC4-B060-82BC48DBEEE6}.Debug|Any CPU.ActiveCfg = Debug|Any CPU
		{BC3FB189-5CF1-4EC4-B060-82BC48DBEEE6}.Debug|Any CPU.Build.0 = Debug|Any CPU
		{BC3FB189-5CF1-4EC4-B060-82BC48DBEEE6}.Release|Any CPU.ActiveCfg = Release|Any CPU
		{BC3FB189-5CF1-4EC4-B060-82BC48DBEEE6}.Release|Any CPU.Build.0 = Release|Any CPU
	EndGlobalSection
	GlobalSection(SolutionProperties) = preSolution
		HideSolutionNode = FALSE
	EndGlobalSection
	GlobalSection(NestedProjects) = preSolution
		{44C0F8E3-4E0C-468D-90C2-06853DDA4D52} = {17F7A1DF-8983-4E61-82D1-794672F8C2AE}
		{D433FB34-DBA9-499B-BDE9-1FD3E53D1540} = {FE46EF4E-D990-4D0B-B2DD-11B6B5FC8204}
		{EFF6B39D-E645-4432-BF62-04A044E45503} = {C26ADE98-3E41-4912-8F90-1DC959974021}
		{7B5883AD-2FD3-486B-B22F-F8AB1F9B6D1C} = {17F7A1DF-8983-4E61-82D1-794672F8C2AE}
		{BC3FB189-5CF1-4EC4-B060-82BC48DBEEE6} = {17F7A1DF-8983-4E61-82D1-794672F8C2AE}
	EndGlobalSection
	GlobalSection(ExtensibilityGlobals) = postSolution
		SolutionGuid = {6622B030-8C29-4435-A400-798C385F15E1}
	EndGlobalSection
EndGlobal
